
Microsoft Visual Studio Solution File, Format Version 12.00
# Visual Studio Version 17
VisualStudioVersion = 17.5.002.0
MinimumVisualStudioVersion = 10.0.40219.1
Project("{9A19103F-16F7-4668-BE54-9A1E7A4F7556}") = "XboxWirelessControllerBatteryLevels", "XboxWirelessControllerBatteryLevels.csproj", "{187E05FB-7C86-4751-A3BA-E081CBFD509C}"
EndProject
Global
	GlobalSection(SolutionConfigurationPlatforms) = preSolution
		Debug|Any CPU = Debug|Any CPU
		Release|Any CPU = Release|Any CPU
	EndGlobalSection
	GlobalSection(ProjectConfigurationPlatforms) = postSolution
		{187E05FB-7C86-4751-A3BA-E081CBFD509C}.Debug|Any CPU.ActiveCfg = Debug|Any CPU
		{187E05FB-7C86-4751-A3BA-E081CBFD509C}.Debug|Any CPU.Build.0 = Debug|Any CPU
		{187E05FB-7C86-4751-A3BA-E081CBFD509C}.Release|Any CPU.ActiveCfg = Release|Any CPU
		{187E05FB-7C86-4751-A3BA-E081CBFD509C}.Release|Any CPU.Build.0 = Release|Any CPU
	EndGlobalSection
	GlobalSection(SolutionProperties) = preSolution
		HideSolutionNode = FALSE
	EndGlobalSection
	GlobalSection(ExtensibilityGlobals) = postSolution
		SolutionGuid = {F4B2BBA9-C8A6-4E97-8EDD-A57AB7BF647E}
	EndGlobalSection
EndGlobal
